
Microsoft Visual Studio Solution File, Format Version 12.00
# Visual Studio 2013
VisualStudioVersion = 12.0.21005.1
MinimumVisualStudioVersion = 10.0.40219.1
Project("{FAE04EC0-301F-11D3-BF4B-00C04F79EFBC}") = "inventarioWeb", "Default.aspx\inventarioWeb.csproj", "{AD7F978A-CFDA-42B7-A90B-B4BF95B85C62}"
EndProject
Project("{FAE04EC0-301F-11D3-BF4B-00C04F79EFBC}") = "InventarioEscritorio", "InventarioEscritorio\InventarioEscritorio.csproj", "{BCA6FB34-51D9-4B0A-ABEE-EAAB5D484F6C}"
EndProject
Global
	GlobalSection(SolutionConfigurationPlatforms) = preSolution
		Debug|Any CPU = Debug|Any CPU
		Release|Any CPU = Release|Any CPU
	EndGlobalSection
	GlobalSection(ProjectConfigurationPlatforms) = postSolution
		{AD7F978A-CFDA-42B7-A90B-B4BF95B85C62}.Debug|Any CPU.ActiveCfg = Debug|Any CPU
		{AD7F978A-CFDA-42B7-A90B-B4BF95B85C62}.Debug|Any CPU.Build.0 = Debug|Any CPU
		{AD7F978A-CFDA-42B7-A90B-B4BF95B85C62}.Release|Any CPU.ActiveCfg = Release|Any CPU
		{AD7F978A-CFDA-42B7-A90B-B4BF95B85C62}.Release|Any CPU.Build.0 = Release|Any CPU
		{BCA6FB34-51D9-4B0A-ABEE-EAAB5D484F6C}.Debug|Any CPU.ActiveCfg = Debug|Any CPU
		{BCA6FB34-51D9-4B0A-ABEE-EAAB5D484F6C}.Debug|Any CPU.Build.0 = Debug|Any CPU
		{BCA6FB34-51D9-4B0A-ABEE-EAAB5D484F6C}.Release|Any CPU.ActiveCfg = Release|Any CPU
		{BCA6FB34-51D9-4B0A-ABEE-EAAB5D484F6C}.Release|Any CPU.Build.0 = Release|Any CPU
	EndGlobalSection
	GlobalSection(SolutionProperties) = preSolution
		HideSolutionNode = FALSE
	EndGlobalSection
EndGlobal
